
Microsoft Visual Studio Solution File, Format Version 12.00
# Visual Studio Version 16
VisualStudioVersion = 16.0.31613.86
MinimumVisualStudioVersion = 10.0.40219.1
Project("{8BC9CEB8-8B4A-11D0-8D11-00A0C91BC942}") = "ra1n", "ra1n\ra1n.vcxproj", "{7337A513-42C6-46B9-9BC5-AA4EF9A68BBA}"
EndProject
Global
	GlobalSection(SolutionConfigurationPlatforms) = preSolution
		Debug|x64 = Debug|x64
		Debug|x86 = Debug|x86
		Release|x64 = Release|x64
		Release|x86 = Release|x86
	EndGlobalSection
	GlobalSection(ProjectConfigurationPlatforms) = postSolution
		{7337A513-42C6-46B9-9BC5-AA4EF9A68BBA}.Debug|x64.ActiveCfg = Debug|x64
		{7337A513-42C6-46B9-9BC5-AA4EF9A68BBA}.Debug|x64.Build.0 = Debug|x64
		{7337A513-42C6-46B9-9BC5-AA4EF9A68BBA}.Debug|x86.ActiveCfg = Debug|Win32
		{7337A513-42C6-46B9-9BC5-AA4EF9A68BBA}.Debug|x86.Build.0 = Debug|Win32
		{7337A513-42C6-46B9-9BC5-AA4EF9A68BBA}.Release|x64.ActiveCfg = Release|x64
		{7337A513-42C6-46B9-9BC5-AA4EF9A68BBA}.Release|x64.Build.0 = Release|x64
		{7337A513-42C6-46B9-9BC5-AA4EF9A68BBA}.Release|x86.ActiveCfg = Release|Win32
		{7337A513-42C6-46B9-9BC5-AA4EF9A68BBA}.Release|x86.Build.0 = Release|Win32
	EndGlobalSection
	GlobalSection(SolutionProperties) = preSolution
		HideSolutionNode = FALSE
	EndGlobalSection
	GlobalSection(ExtensibilityGlobals) = postSolution
		SolutionGuid = {3625F1EA-4831-45B5-A7E3-4F8C60370E97}
	EndGlobalSection
EndGlobal
